
Microsoft Visual Studio Solution File, Format Version 12.00
# Visual Studio Version 17
VisualStudioVersion = 17.6.33723.286
MinimumVisualStudioVersion = 10.0.40219.1
Project("{FAE04EC0-301F-11D3-BF4B-00C04F79EFBC}") = "jwt", "jwt\jwt.csproj", "{9FAF7CBC-F6A1-42DB-9CB2-71452B2176E7}"
EndProject
Global
	GlobalSection(SolutionConfigurationPlatforms) = preSolution
		Debug|Any CPU = Debug|Any CPU
		Release|Any CPU = Release|Any CPU
	EndGlobalSection
	GlobalSection(ProjectConfigurationPlatforms) = postSolution
		{9FAF7CBC-F6A1-42DB-9CB2-71452B2176E7}.Debug|Any CPU.ActiveCfg = Debug|Any CPU
		{9FAF7CBC-F6A1-42DB-9CB2-71452B2176E7}.Debug|Any CPU.Build.0 = Debug|Any CPU
		{9FAF7CBC-F6A1-42DB-9CB2-71452B2176E7}.Release|Any CPU.ActiveCfg = Release|Any CPU
		{9FAF7CBC-F6A1-42DB-9CB2-71452B2176E7}.Release|Any CPU.Build.0 = Release|Any CPU
	EndGlobalSection
	GlobalSection(SolutionProperties) = preSolution
		HideSolutionNode = FALSE
	EndGlobalSection
	GlobalSection(ExtensibilityGlobals) = postSolution
		SolutionGuid = {807C9E43-C7DA-47D2-914F-F698BD34F71E}
	EndGlobalSection
EndGlobal
